
Microsoft Visual Studio Solution File, Format Version 12.00
# Visual Studio Version 17
VisualStudioVersion = 17.8.34525.116
MinimumVisualStudioVersion = 10.0.40219.1
Project("{8BC9CEB8-8B4A-11D0-8D11-00A0C91BC942}") = "Задача 1. Умный массив", "Задача 1. Умный массив\Задача 1. Умный массив.vcxproj", "{D320C2EF-5580-4CC9-8232-AE8D9D9A4443}"
EndProject
Global
	GlobalSection(SolutionConfigurationPlatforms) = preSolution
		Debug|x64 = Debug|x64
		Debug|x86 = Debug|x86
		Release|x64 = Release|x64
		Release|x86 = Release|x86
	EndGlobalSection
	GlobalSection(ProjectConfigurationPlatforms) = postSolution
		{D320C2EF-5580-4CC9-8232-AE8D9D9A4443}.Debug|x64.ActiveCfg = Debug|x64
		{D320C2EF-5580-4CC9-8232-AE8D9D9A4443}.Debug|x64.Build.0 = Debug|x64
		{D320C2EF-5580-4CC9-8232-AE8D9D9A4443}.Debug|x86.ActiveCfg = Debug|Win32
		{D320C2EF-5580-4CC9-8232-AE8D9D9A4443}.Debug|x86.Build.0 = Debug|Win32
		{D320C2EF-5580-4CC9-8232-AE8D9D9A4443}.Release|x64.ActiveCfg = Release|x64
		{D320C2EF-5580-4CC9-8232-AE8D9D9A4443}.Release|x64.Build.0 = Release|x64
		{D320C2EF-5580-4CC9-8232-AE8D9D9A4443}.Release|x86.ActiveCfg = Release|Win32
		{D320C2EF-5580-4CC9-8232-AE8D9D9A4443}.Release|x86.Build.0 = Release|Win32
	EndGlobalSection
	GlobalSection(SolutionProperties) = preSolution
		HideSolutionNode = FALSE
	EndGlobalSection
	GlobalSection(ExtensibilityGlobals) = postSolution
		SolutionGuid = {4E6B6D8A-B59F-4ED1-B44C-64C3250887DA}
	EndGlobalSection
EndGlobal
